
Microsoft Visual Studio Solution File, Format Version 12.00
# Visual Studio Version 16
VisualStudioVersion = 16.0.29324.140
MinimumVisualStudioVersion = 10.0.40219.1
Project("{9A19103F-16F7-4668-BE54-9A1E7A4F7556}") = "Core", "Core\Core.csproj", "{3F8481E0-0FB4-488E-BC32-52C687B6B509}"
EndProject
Project("{9A19103F-16F7-4668-BE54-9A1E7A4F7556}") = "Persistense", "Persistance\Persistense.csproj", "{9E7F708B-1E12-4D1C-AE46-80AA1571E993}"
EndProject
Project("{9A19103F-16F7-4668-BE54-9A1E7A4F7556}") = "Tests", "Tests\Tests.csproj", "{30E614EB-E990-4179-A4D3-325DC305D7C7}"
EndProject
Project("{FAE04EC0-301F-11D3-BF4B-00C04F79EFBC}") = "ConsoleTest", "ConsoleTest\ConsoleTest.csproj", "{DA7DC4C4-C48A-45E3-8A9B-208073AE0DB6}"
EndProject
Global
	GlobalSection(SolutionConfigurationPlatforms) = preSolution
		Debug|Any CPU = Debug|Any CPU
		Release|Any CPU = Release|Any CPU
	EndGlobalSection
	GlobalSection(ProjectConfigurationPlatforms) = postSolution
		{3F8481E0-0FB4-488E-BC32-52C687B6B509}.Debug|Any CPU.ActiveCfg = Debug|Any CPU
		{3F8481E0-0FB4-488E-BC32-52C687B6B509}.Debug|Any CPU.Build.0 = Debug|Any CPU
		{3F8481E0-0FB4-488E-BC32-52C687B6B509}.Release|Any CPU.ActiveCfg = Release|Any CPU
		{3F8481E0-0FB4-488E-BC32-52C687B6B509}.Release|Any CPU.Build.0 = Release|Any CPU
		{9E7F708B-1E12-4D1C-AE46-80AA1571E993}.Debug|Any CPU.ActiveCfg = Debug|Any CPU
		{9E7F708B-1E12-4D1C-AE46-80AA1571E993}.Debug|Any CPU.Build.0 = Debug|Any CPU
		{9E7F708B-1E12-4D1C-AE46-80AA1571E993}.Release|Any CPU.ActiveCfg = Release|Any CPU
		{9E7F708B-1E12-4D1C-AE46-80AA1571E993}.Release|Any CPU.Build.0 = Release|Any CPU
		{30E614EB-E990-4179-A4D3-325DC305D7C7}.Debug|Any CPU.ActiveCfg = Debug|Any CPU
		{30E614EB-E990-4179-A4D3-325DC305D7C7}.Debug|Any CPU.Build.0 = Debug|Any CPU
		{30E614EB-E990-4179-A4D3-325DC305D7C7}.Release|Any CPU.ActiveCfg = Release|Any CPU
		{30E614EB-E990-4179-A4D3-325DC305D7C7}.Release|Any CPU.Build.0 = Release|Any CPU
		{DA7DC4C4-C48A-45E3-8A9B-208073AE0DB6}.Debug|Any CPU.ActiveCfg = Debug|Any CPU
		{DA7DC4C4-C48A-45E3-8A9B-208073AE0DB6}.Debug|Any CPU.Build.0 = Debug|Any CPU
		{DA7DC4C4-C48A-45E3-8A9B-208073AE0DB6}.Release|Any CPU.ActiveCfg = Release|Any CPU
		{DA7DC4C4-C48A-45E3-8A9B-208073AE0DB6}.Release|Any CPU.Build.0 = Release|Any CPU
	EndGlobalSection
	GlobalSection(SolutionProperties) = preSolution
		HideSolutionNode = FALSE
	EndGlobalSection
	GlobalSection(ExtensibilityGlobals) = postSolution
		SolutionGuid = {E1CA1C5B-045F-42D9-B019-6356A82F1896}
	EndGlobalSection
EndGlobal
